
Microsoft Visual Studio Solution File, Format Version 12.00
# Visual Studio Version 17
VisualStudioVersion = 17.8.34525.116
MinimumVisualStudioVersion = 10.0.40219.1
Project("{FAE04EC0-301F-11D3-BF4B-00C04F79EFBC}") = "calcu assessment", "calcu assessment\calcu assessment.csproj", "{7A0A43E2-4052-4934-B829-82A5A3484B03}"
EndProject
Global
	GlobalSection(SolutionConfigurationPlatforms) = preSolution
		Debug|Any CPU = Debug|Any CPU
		Release|Any CPU = Release|Any CPU
	EndGlobalSection
	GlobalSection(ProjectConfigurationPlatforms) = postSolution
		{7A0A43E2-4052-4934-B829-82A5A3484B03}.Debug|Any CPU.ActiveCfg = Debug|Any CPU
		{7A0A43E2-4052-4934-B829-82A5A3484B03}.Debug|Any CPU.Build.0 = Debug|Any CPU
		{7A0A43E2-4052-4934-B829-82A5A3484B03}.Release|Any CPU.ActiveCfg = Release|Any CPU
		{7A0A43E2-4052-4934-B829-82A5A3484B03}.Release|Any CPU.Build.0 = Release|Any CPU
	EndGlobalSection
	GlobalSection(SolutionProperties) = preSolution
		HideSolutionNode = FALSE
	EndGlobalSection
	GlobalSection(ExtensibilityGlobals) = postSolution
		SolutionGuid = {B4B76648-2D76-494A-AA2D-F2E72EA365C4}
	EndGlobalSection
EndGlobal
